// !$*UTF8*$!
{
	archiveVersion = 1;
	classes = {
	};
	objectVersion = 55;
	objects = {

/* Begin PBXBuildFile section */
		81B7096628AB1FCB00C7B514 /* AppDelegate.swift in Sources */ = {isa = PBXBuildFile; fileRef = 81B7096528AB1FCB00C7B514 /* AppDelegate.swift */; };
		81B7096828AB1FCB00C7B514 /* SceneDelegate.swift in Sources */ = {isa = PBXBuildFile; fileRef = 81B7096728AB1FCB00C7B514 /* SceneDelegate.swift */; };
		81B7096A28AB1FCB00C7B514 /* ViewController.swift in Sources */ = {isa = PBXBuildFile; fileRef = 81B7096928AB1FCB00C7B514 /* ViewController.swift */; };
		81B7096D28AB1FCB00C7B514 /* Main.storyboard in Resources */ = {isa = PBXBuildFile; fileRef = 81B7096B28AB1FCB00C7B514 /* Main.storyboard */; };
		81B7096F28AB1FCB00C7B514 /* Assets.xcassets in Resources */ = {isa = PBXBuildFile; fileRef = 81B7096E28AB1FCB00C7B514 /* Assets.xcassets */; };
		81B7097228AB1FCB00C7B514 /* LaunchScreen.storyboard in Resources */ = {isa = PBXBuildFile; fileRef = 81B7097028AB1FCB00C7B514 /* LaunchScreen.storyboard */; };
		81B7099528AB2C5A00C7B514 /* SeSAC2UIFramework.framework in Frameworks */ = {isa = PBXBuildFile; fileRef = 81B7099228AB2C4E00C7B514 /* SeSAC2UIFramework.framework */; };
		81B7099628AB2C5A00C7B514 /* SeSAC2UIFramework.framework in Embed Frameworks */ = {isa = PBXBuildFile; fileRef = 81B7099228AB2C4E00C7B514 /* SeSAC2UIFramework.framework */; settings = {ATTRIBUTES = (CodeSignOnCopy, RemoveHeadersOnCopy, ); }; };
		81B7099C28AB3A6B00C7B514 /* WalkThrough.storyboard in Resources */ = {isa = PBXBuildFile; fileRef = 81B7099B28AB3A6B00C7B514 /* WalkThrough.storyboard */; };
		81B7099E28AB3A9500C7B514 /* FirstViewController.swift in Sources */ = {isa = PBXBuildFile; fileRef = 81B7099D28AB3A9500C7B514 /* FirstViewController.swift */; };
		81B709A028AB40C200C7B514 /* SecondViewController.swift in Sources */ = {isa = PBXBuildFile; fileRef = 81B7099F28AB40C200C7B514 /* SecondViewController.swift */; };
		81B709A228AB40CA00C7B514 /* ThirdViewController.swift in Sources */ = {isa = PBXBuildFile; fileRef = 81B709A128AB40CA00C7B514 /* ThirdViewController.swift */; };
		81B709A428AB40FC00C7B514 /* WalkThroughViewController.swift in Sources */ = {isa = PBXBuildFile; fileRef = 81B709A328AB40FC00C7B514 /* WalkThroughViewController.swift */; };
/* End PBXBuildFile section */

/* Begin PBXContainerItemProxy section */
		81B7099128AB2C4E00C7B514 /* PBXContainerItemProxy */ = {
			isa = PBXContainerItemProxy;
			containerPortal = 81B7098C28AB2C4E00C7B514 /* SeSAC2UIFramework.xcodeproj */;
			proxyType = 2;
			remoteGlobalIDString = 81B7093D28AB1BBC00C7B514;
			remoteInfo = SeSAC2UIFramework;
		};
		81B7099328AB2C4E00C7B514 /* PBXContainerItemProxy */ = {
			isa = PBXContainerItemProxy;
			containerPortal = 81B7098C28AB2C4E00C7B514 /* SeSAC2UIFramework.xcodeproj */;
			proxyType = 2;
			remoteGlobalIDString = 81B7094728AB1BBC00C7B514;
			remoteInfo = SeSAC2UIFrameworkTests;
		};
/* End PBXContainerItemProxy section */

/* Begin PBXCopyFilesBuildPhase section */
		81B7098528AB20E600C7B514 /* Embed Frameworks */ = {
			isa = PBXCopyFilesBuildPhase;
			buildActionMask = 2147483647;
			dstPath = "";
			dstSubfolderSpec = 10;
			files = (
				81B7099628AB2C5A00C7B514 /* SeSAC2UIFramework.framework in Embed Frameworks */,
			);
			name = "Embed Frameworks";
			runOnlyForDeploymentPostprocessing = 0;
		};
/* End PBXCopyFilesBuildPhase section */

/* Begin PBXFileReference section */
		81B7096228AB1FCB00C7B514 /* SeSACWeek7Diary.app */ = {isa = PBXFileReference; explicitFileType = wrapper.application; includeInIndex = 0; path = SeSACWeek7Diary.app; sourceTree = BUILT_PRODUCTS_DIR; };
		81B7096528AB1FCB00C7B514 /* AppDelegate.swift */ = {isa = PBXFileReference; lastKnownFileType = sourcecode.swift; path = AppDelegate.swift; sourceTree = "<group>"; };
		81B7096728AB1FCB00C7B514 /* SceneDelegate.swift */ = {isa = PBXFileReference; lastKnownFileType = sourcecode.swift; path = SceneDelegate.swift; sourceTree = "<group>"; };
		81B7096928AB1FCB00C7B514 /* ViewController.swift */ = {isa = PBXFileReference; lastKnownFileType = sourcecode.swift; path = ViewController.swift; sourceTree = "<group>"; };
		81B7096C28AB1FCB00C7B514 /* Base */ = {isa = PBXFileReference; lastKnownFileType = file.storyboard; name = Base; path = Base.lproj/Main.storyboard; sourceTree = "<group>"; };
		81B7096E28AB1FCB00C7B514 /* Assets.xcassets */ = {isa = PBXFileReference; lastKnownFileType = folder.assetcatalog; path = Assets.xcassets; sourceTree = "<group>"; };
		81B7097128AB1FCB00C7B514 /* Base */ = {isa = PBXFileReference; lastKnownFileType = file.storyboard; name = Base; path = Base.lproj/LaunchScreen.storyboard; sourceTree = "<group>"; };
		81B7097328AB1FCB00C7B514 /* Info.plist */ = {isa = PBXFileReference; lastKnownFileType = text.plist.xml; path = Info.plist; sourceTree = "<group>"; };
		81B7098C28AB2C4E00C7B514 /* SeSAC2UIFramework.xcodeproj */ = {isa = PBXFileReference; lastKnownFileType = "wrapper.pb-project"; name = SeSAC2UIFramework.xcodeproj; path = ../SeSAC2UIFramework/SeSAC2UIFramework.xcodeproj; sourceTree = "<group>"; };
		81B7099B28AB3A6B00C7B514 /* WalkThrough.storyboard */ = {isa = PBXFileReference; lastKnownFileType = file.storyboard; path = WalkThrough.storyboard; sourceTree = "<group>"; };
		81B7099D28AB3A9500C7B514 /* FirstViewController.swift */ = {isa = PBXFileReference; lastKnownFileType = sourcecode.swift; path = FirstViewController.swift; sourceTree = "<group>"; };
		81B7099F28AB40C200C7B514 /* SecondViewController.swift */ = {isa = PBXFileReference; lastKnownFileType = sourcecode.swift; path = SecondViewController.swift; sourceTree = "<group>"; };
		81B709A128AB40CA00C7B514 /* ThirdViewController.swift */ = {isa = PBXFileReference; lastKnownFileType = sourcecode.swift; path = ThirdViewController.swift; sourceTree = "<group>"; };
		81B709A328AB40FC00C7B514 /* WalkThroughViewController.swift */ = {isa = PBXFileReference; lastKnownFileType = sourcecode.swift; path = WalkThroughViewController.swift; sourceTree = "<group>"; };
/* End PBXFileReference section */

/* Begin PBXFrameworksBuildPhase section */
		81B7095F28AB1FCB00C7B514 /* Frameworks */ = {
			isa = PBXFrameworksBuildPhase;
			buildActionMask = 2147483647;
			files = (
				81B7099528AB2C5A00C7B514 /* SeSAC2UIFramework.framework in Frameworks */,
			);
			runOnlyForDeploymentPostprocessing = 0;
		};
/* End PBXFrameworksBuildPhase section */

/* Begin PBXGroup section */
		81B7095928AB1FCA00C7B514 = {
			isa = PBXGroup;
			children = (
				81B7098C28AB2C4E00C7B514 /* SeSAC2UIFramework.xcodeproj */,
				81B7096428AB1FCB00C7B514 /* SeSACWeek7Diary */,
				81B7096328AB1FCB00C7B514 /* Products */,
				81B7098228AB20E600C7B514 /* Frameworks */,
			);
			sourceTree = "<group>";
		};
		81B7096328AB1FCB00C7B514 /* Products */ = {
			isa = PBXGroup;
			children = (
				81B7096228AB1FCB00C7B514 /* SeSACWeek7Diary.app */,
			);
			name = Products;
			sourceTree = "<group>";
		};
		81B7096428AB1FCB00C7B514 /* SeSACWeek7Diary */ = {
			isa = PBXGroup;
			children = (
				81B7099828AB3A4200C7B514 /* WalkThrough */,
				81B7096528AB1FCB00C7B514 /* AppDelegate.swift */,
				81B7096728AB1FCB00C7B514 /* SceneDelegate.swift */,
				81B7096928AB1FCB00C7B514 /* ViewController.swift */,
				81B7096B28AB1FCB00C7B514 /* Main.storyboard */,
				81B7096E28AB1FCB00C7B514 /* Assets.xcassets */,
				81B7097028AB1FCB00C7B514 /* LaunchScreen.storyboard */,
				81B7097328AB1FCB00C7B514 /* Info.plist */,
			);
			path = SeSACWeek7Diary;
			sourceTree = "<group>";
		};
		81B7098228AB20E600C7B514 /* Frameworks */ = {
			isa = PBXGroup;
			children = (
			);
			name = Frameworks;
			sourceTree = "<group>";
		};
		81B7098D28AB2C4E00C7B514 /* Products */ = {
			isa = PBXGroup;
			children = (
				81B7099228AB2C4E00C7B514 /* SeSAC2UIFramework.framework */,
				81B7099428AB2C4E00C7B514 /* SeSAC2UIFrameworkTests.xctest */,
			);
			name = Products;
			sourceTree = "<group>";
		};
		81B7099828AB3A4200C7B514 /* WalkThrough */ = {
			isa = PBXGroup;
			children = (
				81B7099B28AB3A6B00C7B514 /* WalkThrough.storyboard */,
				81B7099D28AB3A9500C7B514 /* FirstViewController.swift */,
				81B7099F28AB40C200C7B514 /* SecondViewController.swift */,
				81B709A128AB40CA00C7B514 /* ThirdViewController.swift */,
				81B709A328AB40FC00C7B514 /* WalkThroughViewController.swift */,
			);
			path = WalkThrough;
			sourceTree = "<group>";
		};
/* End PBXGroup section */

/* Begin PBXNativeTarget section */
		81B7096128AB1FCB00C7B514 /* SeSACWeek7Diary */ = {
			isa = PBXNativeTarget;
			buildConfigurationList = 81B7097628AB1FCB00C7B514 /* Build configuration list for PBXNativeTarget "SeSACWeek7Diary" */;
			buildPhases = (
				81B7095E28AB1FCB00C7B514 /* Sources */,
				81B7095F28AB1FCB00C7B514 /* Frameworks */,
				81B7096028AB1FCB00C7B514 /* Resources */,
				81B7098528AB20E600C7B514 /* Embed Frameworks */,
			);
			buildRules = (
			);
			dependencies = (
			);
			name = SeSACWeek7Diary;
			productName = SeSACWeek7Diary;
			productReference = 81B7096228AB1FCB00C7B514 /* SeSACWeek7Diary.app */;
			productType = "com.apple.product-type.application";
		};
/* End PBXNativeTarget section */

/* Begin PBXProject section */
		81B7095A28AB1FCA00C7B514 /* Project object */ = {
			isa = PBXProject;
			attributes = {
				BuildIndependentTargetsInParallel = 1;
				LastSwiftUpdateCheck = 1340;
				LastUpgradeCheck = 1340;
				TargetAttributes = {
					81B7096128AB1FCB00C7B514 = {
						CreatedOnToolsVersion = 13.4.1;
					};
				};
			};
			buildConfigurationList = 81B7095D28AB1FCA00C7B514 /* Build configuration list for PBXProject "SeSACWeek7Diary" */;
			compatibilityVersion = "Xcode 13.0";
			developmentRegion = en;
			hasScannedForEncodings = 0;
			knownRegions = (
				en,
				Base,
			);
			mainGroup = 81B7095928AB1FCA00C7B514;
			productRefGroup = 81B7096328AB1FCB00C7B514 /* Products */;
			projectDirPath = "";
			projectReferences = (
				{
					ProductGroup = 81B7098D28AB2C4E00C7B514 /* Products */;
					ProjectRef = 81B7098C28AB2C4E00C7B514 /* SeSAC2UIFramework.xcodeproj */;
				},
			);
			projectRoot = "";
			targets = (
				81B7096128AB1FCB00C7B514 /* SeSACWeek7Diary */,
			);
		};
/* End PBXProject section */

/* Begin PBXReferenceProxy section */
		81B7099228AB2C4E00C7B514 /* SeSAC2UIFramework.framework */ = {
			isa = PBXReferenceProxy;
			fileType = wrapper.framework;
			path = SeSAC2UIFramework.framework;
			remoteRef = 81B7099128AB2C4E00C7B514 /* PBXContainerItemProxy */;
			sourceTree = BUILT_PRODUCTS_DIR;
		};
		81B7099428AB2C4E00C7B514 /* SeSAC2UIFrameworkTests.xctest */ = {
			isa = PBXReferenceProxy;
			fileType = wrapper.cfbundle;
			path = SeSAC2UIFrameworkTests.xctest;
			remoteRef = 81B7099328AB2C4E00C7B514 /* PBXContainerItemProxy */;
			sourceTree = BUILT_PRODUCTS_DIR;
		};
/* End PBXReferenceProxy section */

/* Begin PBXResourcesBuildPhase section */
		81B7096028AB1FCB00C7B514 /* Resources */ = {
			isa = PBXResourcesBuildPhase;
			buildActionMask = 2147483647;
			files = (
				81B7097228AB1FCB00C7B514 /* LaunchScreen.storyboard in Resources */,
				81B7099C28AB3A6B00C7B514 /* WalkThrough.storyboard in Resources */,
				81B7096F28AB1FCB00C7B514 /* Assets.xcassets in Resources */,
				81B7096D28AB1FCB00C7B514 /* Main.storyboard in Resources */,
			);
			runOnlyForDeploymentPostprocessing = 0;
		};
/* End PBXResourcesBuildPhase section */

/* Begin PBXSourcesBuildPhase section */
		81B7095E28AB1FCB00C7B514 /* Sources */ = {
			isa = PBXSourcesBuildPhase;
			buildActionMask = 2147483647;
			files = (
				81B7096A28AB1FCB00C7B514 /* ViewController.swift in Sources */,
				81B7096628AB1FCB00C7B514 /* AppDelegate.swift in Sources */,
				81B7096828AB1FCB00C7B514 /* SceneDelegate.swift in Sources */,
				81B709A028AB40C200C7B514 /* SecondViewController.swift in Sources */,
				81B709A228AB40CA00C7B514 /* ThirdViewController.swift in Sources */,
				81B709A428AB40FC00C7B514 /* WalkThroughViewController.swift in Sources */,
				81B7099E28AB3A9500C7B514 /* FirstViewController.swift in Sources */,
			);
			runOnlyForDeploymentPostprocessing = 0;
		};
/* End PBXSourcesBuildPhase section */

/* Begin PBXVariantGroup section */
		81B7096B28AB1FCB00C7B514 /* Main.storyboard */ = {
			isa = PBXVariantGroup;
			children = (
				81B7096C28AB1FCB00C7B514 /* Base */,
			);
			name = Main.storyboard;
			sourceTree = "<group>";
		};
		81B7097028AB1FCB00C7B514 /* LaunchScreen.storyboard */ = {
			isa = PBXVariantGroup;
			children = (
				81B7097128AB1FCB00C7B514 /* Base */,
			);
			name = LaunchScreen.storyboard;
			sourceTree = "<group>";
		};
/* End PBXVariantGroup section */

/* Begin XCBuildConfiguration section */
		81B7097428AB1FCB00C7B514 /* Debug */ = {
			isa = XCBuildConfiguration;
			buildSettings = {
				ALWAYS_SEARCH_USER_PATHS = NO;
				CLANG_ANALYZER_NONNULL = YES;
				CLANG_ANALYZER_NUMBER_OBJECT_CONVERSION = YES_AGGRESSIVE;
				CLANG_CXX_LANGUAGE_STANDARD = "gnu++17";
				CLANG_ENABLE_MODULES = YES;
				CLANG_ENABLE_OBJC_ARC = YES;
				CLANG_ENABLE_OBJC_WEAK = YES;
				CLANG_WARN_BLOCK_CAPTURE_AUTORELEASING = YES;
				CLANG_WARN_BOOL_CONVERSION = YES;
				CLANG_WARN_COMMA = YES;
				CLANG_WARN_CONSTANT_CONVERSION = YES;
				CLANG_WARN_DEPRECATED_OBJC_IMPLEMENTATIONS = YES;
				CLANG_WARN_DIRECT_OBJC_ISA_USAGE = YES_ERROR;
				CLANG_WARN_DOCUMENTATION_COMMENTS = YES;
				CLANG_WARN_EMPTY_BODY = YES;
				CLANG_WARN_ENUM_CONVERSION = YES;
				CLANG_WARN_INFINITE_RECURSION = YES;
				CLANG_WARN_INT_CONVERSION = YES;
				CLANG_WARN_NON_LITERAL_NULL_CONVERSION = YES;
				CLANG_WARN_OBJC_IMPLICIT_RETAIN_SELF = YES;
				CLANG_WARN_OBJC_LITERAL_CONVERSION = YES;
				CLANG_WARN_OBJC_ROOT_CLASS = YES_ERROR;
				CLANG_WARN_QUOTED_INCLUDE_IN_FRAMEWORK_HEADER = YES;
				CLANG_WARN_RANGE_LOOP_ANALYSIS = YES;
				CLANG_WARN_STRICT_PROTOTYPES = YES;
				CLANG_WARN_SUSPICIOUS_MOVE = YES;
				CLANG_WARN_UNGUARDED_AVAILABILITY = YES_AGGRESSIVE;
				CLANG_WARN_UNREACHABLE_CODE = YES;
				CLANG_WARN__DUPLICATE_METHOD_MATCH = YES;
				COPY_PHASE_STRIP = NO;
				DEBUG_INFORMATION_FORMAT = dwarf;
				ENABLE_STRICT_OBJC_MSGSEND = YES;
				ENABLE_TESTABILITY = YES;
				GCC_C_LANGUAGE_STANDARD = gnu11;
				GCC_DYNAMIC_NO_PIC = NO;
				GCC_NO_COMMON_BLOCKS = YES;
				GCC_OPTIMIZATION_LEVEL = 0;
				GCC_PREPROCESSOR_DEFINITIONS = (
					"DEBUG=1",
					"$(inherited)",
				);
				GCC_WARN_64_TO_32_BIT_CONVERSION = YES;
				GCC_WARN_ABOUT_RETURN_TYPE = YES_ERROR;
				GCC_WARN_UNDECLARED_SELECTOR = YES;
				GCC_WARN_UNINITIALIZED_AUTOS = YES_AGGRESSIVE;
				GCC_WARN_UNUSED_FUNCTION = YES;
				GCC_WARN_UNUSED_VARIABLE = YES;
				IPHONEOS_DEPLOYMENT_TARGET = 15.5;
				MTL_ENABLE_DEBUG_INFO = INCLUDE_SOURCE;
				MTL_FAST_MATH = YES;
				ONLY_ACTIVE_ARCH = YES;
				SDKROOT = iphoneos;
				SWIFT_ACTIVE_COMPILATION_CONDITIONS = DEBUG;
				SWIFT_OPTIMIZATION_LEVEL = "-Onone";
			};
			name = Debug;
		};
		81B7097528AB1FCB00C7B514 /* Release */ = {
			isa = XCBuildConfiguration;
			buildSettings = {
				ALWAYS_SEARCH_USER_PATHS = NO;
				CLANG_ANALYZER_NONNULL = YES;
				CLANG_ANALYZER_NUMBER_OBJECT_CONVERSION = YES_AGGRESSIVE;
				CLANG_CXX_LANGUAGE_STANDARD = "gnu++17";
				CLANG_ENABLE_MODULES = YES;
				CLANG_ENABLE_OBJC_ARC = YES;
				CLANG_ENABLE_OBJC_WEAK = YES;
				CLANG_WARN_BLOCK_CAPTURE_AUTORELEASING = YES;
				CLANG_WARN_BOOL_CONVERSION = YES;
				CLANG_WARN_COMMA = YES;
				CLANG_WARN_CONSTANT_CONVERSION = YES;
				CLANG_WARN_DEPRECATED_OBJC_IMPLEMENTATIONS = YES;
				CLANG_WARN_DIRECT_OBJC_ISA_USAGE = YES_ERROR;
				CLANG_WARN_DOCUMENTATION_COMMENTS = YES;
				CLANG_WARN_EMPTY_BODY = YES;
				CLANG_WARN_ENUM_CONVERSION = YES;
				CLANG_WARN_INFINITE_RECURSION = YES;
				CLANG_WARN_INT_CONVERSION = YES;
				CLANG_WARN_NON_LITERAL_NULL_CONVERSION = YES;
				CLANG_WARN_OBJC_IMPLICIT_RETAIN_SELF = YES;
				CLANG_WARN_OBJC_LITERAL_CONVERSION = YES;
				CLANG_WARN_OBJC_ROOT_CLASS = YES_ERROR;
				CLANG_WARN_QUOTED_INCLUDE_IN_FRAMEWORK_HEADER = YES;
				CLANG_WARN_RANGE_LOOP_ANALYSIS = YES;
				CLANG_WARN_STRICT_PROTOTYPES = YES;
				CLANG_WARN_SUSPICIOUS_MOVE = YES;
				CLANG_WARN_UNGUARDED_AVAILABILITY = YES_AGGRESSIVE;
				CLANG_WARN_UNREACHABLE_CODE = YES;
				CLANG_WARN__DUPLICATE_METHOD_MATCH = YES;
				COPY_PHASE_STRIP = NO;
				DEBUG_INFORMATION_FORMAT = "dwarf-with-dsym";
				ENABLE_NS_ASSERTIONS = NO;
				ENABLE_STRICT_OBJC_MSGSEND = YES;
				GCC_C_LANGUAGE_STANDARD = gnu11;
				GCC_NO_COMMON_BLOCKS = YES;
				GCC_WARN_64_TO_32_BIT_CONVERSION = YES;
				GCC_WARN_ABOUT_RETURN_TYPE = YES_ERROR;
				GCC_WARN_UNDECLARED_SELECTOR = YES;
				GCC_WARN_UNINITIALIZED_AUTOS = YES_AGGRESSIVE;
				GCC_WARN_UNUSED_FUNCTION = YES;
				GCC_WARN_UNUSED_VARIABLE = YES;
				IPHONEOS_DEPLOYMENT_TARGET = 15.5;
				MTL_ENABLE_DEBUG_INFO = NO;
				MTL_FAST_MATH = YES;
				SDKROOT = iphoneos;
				SWIFT_COMPILATION_MODE = wholemodule;
				SWIFT_OPTIMIZATION_LEVEL = "-O";
				VALIDATE_PRODUCT = YES;
			};
			name = Release;
		};
		81B7097728AB1FCB00C7B514 /* Debug */ = {
			isa = XCBuildConfiguration;
			buildSettings = {
				ASSETCATALOG_COMPILER_APPICON_NAME = AppIcon;
				ASSETCATALOG_COMPILER_GLOBAL_ACCENT_COLOR_NAME = AccentColor;
				CODE_SIGN_STYLE = Automatic;
				CURRENT_PROJECT_VERSION = 1;
				DEVELOPMENT_TEAM = D6A93QYKAF;
				GENERATE_INFOPLIST_FILE = YES;
				INFOPLIST_FILE = SeSACWeek7Diary/Info.plist;
				INFOPLIST_KEY_UIApplicationSupportsIndirectInputEvents = YES;
				INFOPLIST_KEY_UILaunchStoryboardName = LaunchScreen;
				INFOPLIST_KEY_UIMainStoryboardFile = Main;
				INFOPLIST_KEY_UISupportedInterfaceOrientations_iPad = "UIInterfaceOrientationPortrait UIInterfaceOrientationPortraitUpsideDown UIInterfaceOrientationLandscapeLeft UIInterfaceOrientationLandscapeRight";
				INFOPLIST_KEY_UISupportedInterfaceOrientations_iPhone = "UIInterfaceOrientationPortrait UIInterfaceOrientationLandscapeLeft UIInterfaceOrientationLandscapeRight";
				LD_RUNPATH_SEARCH_PATHS = (
					"$(inherited)",
					"@executable_path/Frameworks",
				);
				MARKETING_VERSION = 1.0;
				PRODUCT_BUNDLE_IDENTIFIER = com.daniel.SeSACWeek7Diary;
				PRODUCT_NAME = "$(TARGET_NAME)";
				SWIFT_EMIT_LOC_STRINGS = YES;
				SWIFT_VERSION = 5.0;
				TARGETED_DEVICE_FAMILY = "1,2";
			};
			name = Debug;
		};
		81B7097828AB1FCB00C7B514 /* Release */ = {
			isa = XCBuildConfiguration;
			buildSettings = {
				ASSETCATALOG_COMPILER_APPICON_NAME = AppIcon;
				ASSETCATALOG_COMPILER_GLOBAL_ACCENT_COLOR_NAME = AccentColor;
				CODE_SIGN_STYLE = Automatic;
				CURRENT_PROJECT_VERSION = 1;
				DEVELOPMENT_TEAM = D6A93QYKAF;
				GENERATE_INFOPLIST_FILE = YES;
				INFOPLIST_FILE = SeSACWeek7Diary/Info.plist;
				INFOPLIST_KEY_UIApplicationSupportsIndirectInputEvents = YES;
				INFOPLIST_KEY_UILaunchStoryboardName = LaunchScreen;
				INFOPLIST_KEY_UIMainStoryboardFile = Main;
				INFOPLIST_KEY_UISupportedInterfaceOrientations_iPad = "UIInterfaceOrientationPortrait UIInterfaceOrientationPortraitUpsideDown UIInterfaceOrientationLandscapeLeft UIInterfaceOrientationLandscapeRight";
				INFOPLIST_KEY_UISupportedInterfaceOrientations_iPhone = "UIInterfaceOrientationPortrait UIInterfaceOrientationLandscapeLeft UIInterfaceOrientationLandscapeRight";
				LD_RUNPATH_SEARCH_PATHS = (
					"$(inherited)",
					"@executable_path/Frameworks",
				);
				MARKETING_VERSION = 1.0;
				PRODUCT_BUNDLE_IDENTIFIER = com.daniel.SeSACWeek7Diary;
				PRODUCT_NAME = "$(TARGET_NAME)";
				SWIFT_EMIT_LOC_STRINGS = YES;
				SWIFT_VERSION = 5.0;
				TARGETED_DEVICE_FAMILY = "1,2";
			};
			name = Release;
		};
/* End XCBuildConfiguration section */

/* Begin XCConfigurationList section */
		81B7095D28AB1FCA00C7B514 /* Build configuration list for PBXProject "SeSACWeek7Diary" */ = {
			isa = XCConfigurationList;
			buildConfigurations = (
				81B7097428AB1FCB00C7B514 /* Debug */,
				81B7097528AB1FCB00C7B514 /* Release */,
			);
			defaultConfigurationIsVisible = 0;
			defaultConfigurationName = Release;
		};
		81B7097628AB1FCB00C7B514 /* Build configuration list for PBXNativeTarget "SeSACWeek7Diary" */ = {
			isa = XCConfigurationList;
			buildConfigurations = (
				81B7097728AB1FCB00C7B514 /* Debug */,
				81B7097828AB1FCB00C7B514 /* Release */,
			);
			defaultConfigurationIsVisible = 0;
			defaultConfigurationName = Release;
		};
/* End XCConfigurationList section */
	};
	rootObject = 81B7095A28AB1FCA00C7B514 /* Project object */;
}
